
Microsoft Visual Studio Solution File, Format Version 10.00
# Visual C++ Express 2008
Project("{8BC9CEB8-8B4A-11D0-8D11-00A0C91BC942}") = "libfcache", "libfcache\libfcache.vcproj", "{C37718A0-D35F-4921-B70A-15EDBA4AC5C5}"
	ProjectSection(ProjectDependencies) = postProject
		{56A9C07F-BD12-4D2F-91CA-E7629C870A2C} = {56A9C07F-BD12-4D2F-91CA-E7629C870A2C}
		{6B70E9C1-A6AD-42DB-B1C5-91436DF08698} = {6B70E9C1-A6AD-42DB-B1C5-91436DF08698}
		{8AB0FE83-7D27-45AA-B859-36999C83A42F} = {8AB0FE83-7D27-45AA-B859-36999C83A42F}
		{CE600374-142B-4513-BB26-20BC031D0533} = {CE600374-142B-4513-BB26-20BC031D0533}
	EndProjectSection
EndProject
Project("{8BC9CEB8-8B4A-11D0-8D11-00A0C91BC942}") = "hibr_test_error", "hibr_test_error\hibr_test_error.vcproj", "{7C4409F7-DC22-4E7A-A251-3F32026D3101}"
	ProjectSection(ProjectDependencies) = postProject
		{A1B6E626-D9B4-471B-BA05-98ACCD54ABA4} = {A1B6E626-D9B4-471B-BA05-98ACCD54ABA4}
		{56A9C07F-BD12-4D2F-91CA-E7629C870A2C} = {56A9C07F-BD12-4D2F-91CA-E7629C870A2C}
	EndProjectSection
EndProject
Project("{8BC9CEB8-8B4A-11D0-8D11-00A0C91BC942}") = "hibr_test_notify", "hibr_test_notify\hibr_test_notify.vcproj", "{688E283D-FB96-4AB1-B115-3F9F8894F4C1}"
	ProjectSection(ProjectDependencies) = postProject
		{A1B6E626-D9B4-471B-BA05-98ACCD54ABA4} = {A1B6E626-D9B4-471B-BA05-98ACCD54ABA4}
		{56A9C07F-BD12-4D2F-91CA-E7629C870A2C} = {56A9C07F-BD12-4D2F-91CA-E7629C870A2C}
	EndProjectSection
EndProject
Project("{8BC9CEB8-8B4A-11D0-8D11-00A0C91BC942}") = "hibr_test_open_close", "hibr_test_open_close\hibr_test_open_close.vcproj", "{27253316-93FE-42DA-936C-EA3E5AE3A432}"
	ProjectSection(ProjectDependencies) = postProject
		{38387C15-CC04-4217-9F03-6FA0D41D312E} = {38387C15-CC04-4217-9F03-6FA0D41D312E}
		{A1B6E626-D9B4-471B-BA05-98ACCD54ABA4} = {A1B6E626-D9B4-471B-BA05-98ACCD54ABA4}
		{6B70E9C1-A6AD-42DB-B1C5-91436DF08698} = {6B70E9C1-A6AD-42DB-B1C5-91436DF08698}
		{56A9C07F-BD12-4D2F-91CA-E7629C870A2C} = {56A9C07F-BD12-4D2F-91CA-E7629C870A2C}
	EndProjectSection
EndProject
Project("{8BC9CEB8-8B4A-11D0-8D11-00A0C91BC942}") = "hibr_test_support", "hibr_test_support\hibr_test_support.vcproj", "{45A316B5-887F-4EBD-B04E-F3BCCF883887}"
	ProjectSection(ProjectDependencies) = postProject
		{A1B6E626-D9B4-471B-BA05-98ACCD54ABA4} = {A1B6E626-D9B4-471B-BA05-98ACCD54ABA4}
		{56A9C07F-BD12-4D2F-91CA-E7629C870A2C} = {56A9C07F-BD12-4D2F-91CA-E7629C870A2C}
	EndProjectSection
EndProject
Project("{8BC9CEB8-8B4A-11D0-8D11-00A0C91BC942}") = "libclocale", "libclocale\libclocale.vcproj", "{3F3AA5E1-F548-4B0E-95ED-A423544F1771}"
	ProjectSection(ProjectDependencies) = postProject
		{56A9C07F-BD12-4D2F-91CA-E7629C870A2C} = {56A9C07F-BD12-4D2F-91CA-E7629C870A2C}
		{6B70E9C1-A6AD-42DB-B1C5-91436DF08698} = {6B70E9C1-A6AD-42DB-B1C5-91436DF08698}
	EndProjectSection
EndProject
Project("{8BC9CEB8-8B4A-11D0-8D11-00A0C91BC942}") = "libbfio", "libbfio\libbfio.vcproj", "{0D440C4D-339B-4840-8BB6-1C7E7F55D927}"
	ProjectSection(ProjectDependencies) = postProject
		{56A9C07F-BD12-4D2F-91CA-E7629C870A2C} = {56A9C07F-BD12-4D2F-91CA-E7629C870A2C}
		{6B70E9C1-A6AD-42DB-B1C5-91436DF08698} = {6B70E9C1-A6AD-42DB-B1C5-91436DF08698}
		{8AB0FE83-7D27-45AA-B859-36999C83A42F} = {8AB0FE83-7D27-45AA-B859-36999C83A42F}
		{CE600374-142B-4513-BB26-20BC031D0533} = {CE600374-142B-4513-BB26-20BC031D0533}
		{3F3AA5E1-F548-4B0E-95ED-A423544F1771} = {3F3AA5E1-F548-4B0E-95ED-A423544F1771}
		{9CCACBA0-F07E-4432-9FFD-183D8B2232E7} = {9CCACBA0-F07E-4432-9FFD-183D8B2232E7}
		{65B1E945-316B-4915-94FD-9B5855F43EA4} = {65B1E945-316B-4915-94FD-9B5855F43EA4}
		{F21BA130-F3AA-40C0-8CB4-7EAE718A5B25} = {F21BA130-F3AA-40C0-8CB4-7EAE718A5B25}
		{31C30A3B-13A2-47D2-A66B-0ACDFBA8C112} = {31C30A3B-13A2-47D2-A66B-0ACDFBA8C112}
	EndProjectSection
EndProject
Project("{8BC9CEB8-8B4A-11D0-8D11-00A0C91BC942}") = "libfdatetime", "libfdatetime\libfdatetime.vcproj", "{8E085CE4-4E80-4DEB-B631-C95C9A2430EC}"
	ProjectSection(ProjectDependencies) = postProject
		{56A9C07F-BD12-4D2F-91CA-E7629C870A2C} = {56A9C07F-BD12-4D2F-91CA-E7629C870A2C}
		{6B70E9C1-A6AD-42DB-B1C5-91436DF08698} = {6B70E9C1-A6AD-42DB-B1C5-91436DF08698}
	EndProjectSection
EndProject
Project("{8BC9CEB8-8B4A-11D0-8D11-00A0C91BC942}") = "libcfile", "libcfile\libcfile.vcproj", "{F21BA130-F3AA-40C0-8CB4-7EAE718A5B25}"
	ProjectSection(ProjectDependencies) = postProject
		{56A9C07F-BD12-4D2F-91CA-E7629C870A2C} = {56A9C07F-BD12-4D2F-91CA-E7629C870A2C}
		{6B70E9C1-A6AD-42DB-B1C5-91436DF08698} = {6B70E9C1-A6AD-42DB-B1C5-91436DF08698}
		{3F3AA5E1-F548-4B0E-95ED-A423544F1771} = {3F3AA5E1-F548-4B0E-95ED-A423544F1771}
		{D44DC41F-8CE7-42BB-8C5E-C45FF05AC633} = {D44DC41F-8CE7-42BB-8C5E-C45FF05AC633}
		{65B1E945-316B-4915-94FD-9B5855F43EA4} = {65B1E945-316B-4915-94FD-9B5855F43EA4}
	EndProjectSection
EndProject
Project("{8BC9CEB8-8B4A-11D0-8D11-00A0C91BC942}") = "libfwnt", "libfwnt\libfwnt.vcproj", "{81300FC0-7066-4B2B-9C08-DD6AA1D188EF}"
	ProjectSection(ProjectDependencies) = postProject
		{56A9C07F-BD12-4D2F-91CA-E7629C870A2C} = {56A9C07F-BD12-4D2F-91CA-E7629C870A2C}
		{6B70E9C1-A6AD-42DB-B1C5-91436DF08698} = {6B70E9C1-A6AD-42DB-B1C5-91436DF08698}
		{8AB0FE83-7D27-45AA-B859-36999C83A42F} = {8AB0FE83-7D27-45AA-B859-36999C83A42F}
		{CE600374-142B-4513-BB26-20BC031D0533} = {CE600374-142B-4513-BB26-20BC031D0533}
		{D44DC41F-8CE7-42BB-8C5E-C45FF05AC633} = {D44DC41F-8CE7-42BB-8C5E-C45FF05AC633}
	EndProjectSection
EndProject
Project("{8BC9CEB8-8B4A-11D0-8D11-00A0C91BC942}") = "hibrinfo", "hibrinfo\hibrinfo.vcproj", "{9F5874F8-D471-4E11-B675-4E8A07AA79E3}"
	ProjectSection(ProjectDependencies) = postProject
		{38387C15-CC04-4217-9F03-6FA0D41D312E} = {38387C15-CC04-4217-9F03-6FA0D41D312E}
		{A1B6E626-D9B4-471B-BA05-98ACCD54ABA4} = {A1B6E626-D9B4-471B-BA05-98ACCD54ABA4}
		{D44DC41F-8CE7-42BB-8C5E-C45FF05AC633} = {D44DC41F-8CE7-42BB-8C5E-C45FF05AC633}
		{3F3AA5E1-F548-4B0E-95ED-A423544F1771} = {3F3AA5E1-F548-4B0E-95ED-A423544F1771}
		{6B70E9C1-A6AD-42DB-B1C5-91436DF08698} = {6B70E9C1-A6AD-42DB-B1C5-91436DF08698}
		{56A9C07F-BD12-4D2F-91CA-E7629C870A2C} = {56A9C07F-BD12-4D2F-91CA-E7629C870A2C}
	EndProjectSection
EndProject
Project("{8BC9CEB8-8B4A-11D0-8D11-00A0C91BC942}") = "hibrmount", "hibrmount\hibrmount.vcproj", "{0EF11803-BDF7-4AF9-BB7E-0522F9B2808F}"
	ProjectSection(ProjectDependencies) = postProject
		{A43C39A4-EA68-4EE7-B574-FC2ADF8B407C} = {A43C39A4-EA68-4EE7-B574-FC2ADF8B407C}
		{38387C15-CC04-4217-9F03-6FA0D41D312E} = {38387C15-CC04-4217-9F03-6FA0D41D312E}
		{A1B6E626-D9B4-471B-BA05-98ACCD54ABA4} = {A1B6E626-D9B4-471B-BA05-98ACCD54ABA4}
		{D44DC41F-8CE7-42BB-8C5E-C45FF05AC633} = {D44DC41F-8CE7-42BB-8C5E-C45FF05AC633}
		{3F3AA5E1-F548-4B0E-95ED-A423544F1771} = {3F3AA5E1-F548-4B0E-95ED-A423544F1771}
		{6B70E9C1-A6AD-42DB-B1C5-91436DF08698} = {6B70E9C1-A6AD-42DB-B1C5-91436DF08698}
		{56A9C07F-BD12-4D2F-91CA-E7629C870A2C} = {56A9C07F-BD12-4D2F-91CA-E7629C870A2C}
	EndProjectSection
EndProject
Project("{8BC9CEB8-8B4A-11D0-8D11-00A0C91BC942}") = "libcthreads", "libcthreads\libcthreads.vcproj", "{8AB0FE83-7D27-45AA-B859-36999C83A42F}"
	ProjectSection(ProjectDependencies) = postProject
		{56A9C07F-BD12-4D2F-91CA-E7629C870A2C} = {56A9C07F-BD12-4D2F-91CA-E7629C870A2C}
		{6B70E9C1-A6AD-42DB-B1C5-91436DF08698} = {6B70E9C1-A6AD-42DB-B1C5-91436DF08698}
	EndProjectSection
EndProject
Project("{8BC9CEB8-8B4A-11D0-8D11-00A0C91BC942}") = "libcpath", "libcpath\libcpath.vcproj", "{31C30A3B-13A2-47D2-A66B-0ACDFBA8C112}"
	ProjectSection(ProjectDependencies) = postProject
		{56A9C07F-BD12-4D2F-91CA-E7629C870A2C} = {56A9C07F-BD12-4D2F-91CA-E7629C870A2C}
		{6B70E9C1-A6AD-42DB-B1C5-91436DF08698} = {6B70E9C1-A6AD-42DB-B1C5-91436DF08698}
		{3F3AA5E1-F548-4B0E-95ED-A423544F1771} = {3F3AA5E1-F548-4B0E-95ED-A423544F1771}
		{9CCACBA0-F07E-4432-9FFD-183D8B2232E7} = {9CCACBA0-F07E-4432-9FFD-183D8B2232E7}
		{65B1E945-316B-4915-94FD-9B5855F43EA4} = {65B1E945-316B-4915-94FD-9B5855F43EA4}
	EndProjectSection
EndProject
Project("{8BC9CEB8-8B4A-11D0-8D11-00A0C91BC942}") = "libcstring", "libcstring\libcstring.vcproj", "{56A9C07F-BD12-4D2F-91CA-E7629C870A2C}"
EndProject
Project("{8BC9CEB8-8B4A-11D0-8D11-00A0C91BC942}") = "libuna", "libuna\libuna.vcproj", "{65B1E945-316B-4915-94FD-9B5855F43EA4}"
	ProjectSection(ProjectDependencies) = postProject
		{56A9C07F-BD12-4D2F-91CA-E7629C870A2C} = {56A9C07F-BD12-4D2F-91CA-E7629C870A2C}
		{6B70E9C1-A6AD-42DB-B1C5-91436DF08698} = {6B70E9C1-A6AD-42DB-B1C5-91436DF08698}
	EndProjectSection
EndProject
Project("{8BC9CEB8-8B4A-11D0-8D11-00A0C91BC942}") = "libcerror", "libcerror\libcerror.vcproj", "{6B70E9C1-A6AD-42DB-B1C5-91436DF08698}"
	ProjectSection(ProjectDependencies) = postProject
		{56A9C07F-BD12-4D2F-91CA-E7629C870A2C} = {56A9C07F-BD12-4D2F-91CA-E7629C870A2C}
	EndProjectSection
EndProject
Project("{8BC9CEB8-8B4A-11D0-8D11-00A0C91BC942}") = "libcnotify", "libcnotify\libcnotify.vcproj", "{D44DC41F-8CE7-42BB-8C5E-C45FF05AC633}"
	ProjectSection(ProjectDependencies) = postProject
		{56A9C07F-BD12-4D2F-91CA-E7629C870A2C} = {56A9C07F-BD12-4D2F-91CA-E7629C870A2C}
		{6B70E9C1-A6AD-42DB-B1C5-91436DF08698} = {6B70E9C1-A6AD-42DB-B1C5-91436DF08698}
	EndProjectSection
EndProject
Project("{8BC9CEB8-8B4A-11D0-8D11-00A0C91BC942}") = "libhibr", "libhibr\libhibr.vcproj", "{A1B6E626-D9B4-471B-BA05-98ACCD54ABA4}"
	ProjectSection(ProjectDependencies) = postProject
		{56A9C07F-BD12-4D2F-91CA-E7629C870A2C} = {56A9C07F-BD12-4D2F-91CA-E7629C870A2C}
		{6B70E9C1-A6AD-42DB-B1C5-91436DF08698} = {6B70E9C1-A6AD-42DB-B1C5-91436DF08698}
		{CE600374-142B-4513-BB26-20BC031D0533} = {CE600374-142B-4513-BB26-20BC031D0533}
		{3F3AA5E1-F548-4B0E-95ED-A423544F1771} = {3F3AA5E1-F548-4B0E-95ED-A423544F1771}
		{D44DC41F-8CE7-42BB-8C5E-C45FF05AC633} = {D44DC41F-8CE7-42BB-8C5E-C45FF05AC633}
		{9CCACBA0-F07E-4432-9FFD-183D8B2232E7} = {9CCACBA0-F07E-4432-9FFD-183D8B2232E7}
		{65B1E945-316B-4915-94FD-9B5855F43EA4} = {65B1E945-316B-4915-94FD-9B5855F43EA4}
		{F21BA130-F3AA-40C0-8CB4-7EAE718A5B25} = {F21BA130-F3AA-40C0-8CB4-7EAE718A5B25}
		{31C30A3B-13A2-47D2-A66B-0ACDFBA8C112} = {31C30A3B-13A2-47D2-A66B-0ACDFBA8C112}
		{0D440C4D-339B-4840-8BB6-1C7E7F55D927} = {0D440C4D-339B-4840-8BB6-1C7E7F55D927}
		{C37718A0-D35F-4921-B70A-15EDBA4AC5C5} = {C37718A0-D35F-4921-B70A-15EDBA4AC5C5}
		{E3648E11-3629-400C-A581-B543E27E11E6} = {E3648E11-3629-400C-A581-B543E27E11E6}
		{8E085CE4-4E80-4DEB-B631-C95C9A2430EC} = {8E085CE4-4E80-4DEB-B631-C95C9A2430EC}
		{81300FC0-7066-4B2B-9C08-DD6AA1D188EF} = {81300FC0-7066-4B2B-9C08-DD6AA1D188EF}
	EndProjectSection
EndProject
Project("{8BC9CEB8-8B4A-11D0-8D11-00A0C91BC942}") = "libcsystem", "libcsystem\libcsystem.vcproj", "{38387C15-CC04-4217-9F03-6FA0D41D312E}"
	ProjectSection(ProjectDependencies) = postProject
		{56A9C07F-BD12-4D2F-91CA-E7629C870A2C} = {56A9C07F-BD12-4D2F-91CA-E7629C870A2C}
		{6B70E9C1-A6AD-42DB-B1C5-91436DF08698} = {6B70E9C1-A6AD-42DB-B1C5-91436DF08698}
		{3F3AA5E1-F548-4B0E-95ED-A423544F1771} = {3F3AA5E1-F548-4B0E-95ED-A423544F1771}
		{D44DC41F-8CE7-42BB-8C5E-C45FF05AC633} = {D44DC41F-8CE7-42BB-8C5E-C45FF05AC633}
		{65B1E945-316B-4915-94FD-9B5855F43EA4} = {65B1E945-316B-4915-94FD-9B5855F43EA4}
	EndProjectSection
EndProject
Project("{8BC9CEB8-8B4A-11D0-8D11-00A0C91BC942}") = "libfdata", "libfdata\libfdata.vcproj", "{E3648E11-3629-400C-A581-B543E27E11E6}"
	ProjectSection(ProjectDependencies) = postProject
		{56A9C07F-BD12-4D2F-91CA-E7629C870A2C} = {56A9C07F-BD12-4D2F-91CA-E7629C870A2C}
		{6B70E9C1-A6AD-42DB-B1C5-91436DF08698} = {6B70E9C1-A6AD-42DB-B1C5-91436DF08698}
		{8AB0FE83-7D27-45AA-B859-36999C83A42F} = {8AB0FE83-7D27-45AA-B859-36999C83A42F}
		{CE600374-142B-4513-BB26-20BC031D0533} = {CE600374-142B-4513-BB26-20BC031D0533}
		{D44DC41F-8CE7-42BB-8C5E-C45FF05AC633} = {D44DC41F-8CE7-42BB-8C5E-C45FF05AC633}
		{C37718A0-D35F-4921-B70A-15EDBA4AC5C5} = {C37718A0-D35F-4921-B70A-15EDBA4AC5C5}
	EndProjectSection
EndProject
Project("{8BC9CEB8-8B4A-11D0-8D11-00A0C91BC942}") = "libcdata", "libcdata\libcdata.vcproj", "{CE600374-142B-4513-BB26-20BC031D0533}"
	ProjectSection(ProjectDependencies) = postProject
		{56A9C07F-BD12-4D2F-91CA-E7629C870A2C} = {56A9C07F-BD12-4D2F-91CA-E7629C870A2C}
		{6B70E9C1-A6AD-42DB-B1C5-91436DF08698} = {6B70E9C1-A6AD-42DB-B1C5-91436DF08698}
	EndProjectSection
EndProject
Project("{8BC9CEB8-8B4A-11D0-8D11-00A0C91BC942}") = "libcsplit", "libcsplit\libcsplit.vcproj", "{9CCACBA0-F07E-4432-9FFD-183D8B2232E7}"
	ProjectSection(ProjectDependencies) = postProject
		{56A9C07F-BD12-4D2F-91CA-E7629C870A2C} = {56A9C07F-BD12-4D2F-91CA-E7629C870A2C}
		{6B70E9C1-A6AD-42DB-B1C5-91436DF08698} = {6B70E9C1-A6AD-42DB-B1C5-91436DF08698}
	EndProjectSection
EndProject
Project("{8BC9CEB8-8B4A-11D0-8D11-00A0C91BC942}") = "dokan", "dokan\dokan.vcproj", "{A43C39A4-EA68-4EE7-B574-FC2ADF8B407C}"
EndProject
Global
	GlobalSection(SolutionConfigurationPlatforms) = preSolution
		Release|Win32 = Release|Win32
		VSDebug|Win32 = VSDebug|Win32
	EndGlobalSection
	GlobalSection(ProjectConfigurationPlatforms) = postSolution
		{C37718A0-D35F-4921-B70A-15EDBA4AC5C5}.Release|Win32.ActiveCfg = Release|Win32
		{C37718A0-D35F-4921-B70A-15EDBA4AC5C5}.Release|Win32.Build.0 = Release|Win32
		{C37718A0-D35F-4921-B70A-15EDBA4AC5C5}.VSDebug|Win32.ActiveCfg = VSDebug|Win32
		{C37718A0-D35F-4921-B70A-15EDBA4AC5C5}.VSDebug|Win32.Build.0 = VSDebug|Win32
		{7C4409F7-DC22-4E7A-A251-3F32026D3101}.Release|Win32.ActiveCfg = Release|Win32
		{7C4409F7-DC22-4E7A-A251-3F32026D3101}.Release|Win32.Build.0 = Release|Win32
		{7C4409F7-DC22-4E7A-A251-3F32026D3101}.VSDebug|Win32.ActiveCfg = VSDebug|Win32
		{7C4409F7-DC22-4E7A-A251-3F32026D3101}.VSDebug|Win32.Build.0 = VSDebug|Win32
		{688E283D-FB96-4AB1-B115-3F9F8894F4C1}.Release|Win32.ActiveCfg = Release|Win32
		{688E283D-FB96-4AB1-B115-3F9F8894F4C1}.Release|Win32.Build.0 = Release|Win32
		{688E283D-FB96-4AB1-B115-3F9F8894F4C1}.VSDebug|Win32.ActiveCfg = VSDebug|Win32
		{688E283D-FB96-4AB1-B115-3F9F8894F4C1}.VSDebug|Win32.Build.0 = VSDebug|Win32
		{27253316-93FE-42DA-936C-EA3E5AE3A432}.Release|Win32.ActiveCfg = Release|Win32
		{27253316-93FE-42DA-936C-EA3E5AE3A432}.Release|Win32.Build.0 = Release|Win32
		{27253316-93FE-42DA-936C-EA3E5AE3A432}.VSDebug|Win32.ActiveCfg = VSDebug|Win32
		{27253316-93FE-42DA-936C-EA3E5AE3A432}.VSDebug|Win32.Build.0 = VSDebug|Win32
		{45A316B5-887F-4EBD-B04E-F3BCCF883887}.Release|Win32.ActiveCfg = Release|Win32
		{45A316B5-887F-4EBD-B04E-F3BCCF883887}.Release|Win32.Build.0 = Release|Win32
		{45A316B5-887F-4EBD-B04E-F3BCCF883887}.VSDebug|Win32.ActiveCfg = VSDebug|Win32
		{45A316B5-887F-4EBD-B04E-F3BCCF883887}.VSDebug|Win32.Build.0 = VSDebug|Win32
		{3F3AA5E1-F548-4B0E-95ED-A423544F1771}.Release|Win32.ActiveCfg = Release|Win32
		{3F3AA5E1-F548-4B0E-95ED-A423544F1771}.Release|Win32.Build.0 = Release|Win32
		{3F3AA5E1-F548-4B0E-95ED-A423544F1771}.VSDebug|Win32.ActiveCfg = VSDebug|Win32
		{3F3AA5E1-F548-4B0E-95ED-A423544F1771}.VSDebug|Win32.Build.0 = VSDebug|Win32
		{0D440C4D-339B-4840-8BB6-1C7E7F55D927}.Release|Win32.ActiveCfg = Release|Win32
		{0D440C4D-339B-4840-8BB6-1C7E7F55D927}.Release|Win32.Build.0 = Release|Win32
		{0D440C4D-339B-4840-8BB6-1C7E7F55D927}.VSDebug|Win32.ActiveCfg = VSDebug|Win32
		{0D440C4D-339B-4840-8BB6-1C7E7F55D927}.VSDebug|Win32.Build.0 = VSDebug|Win32
		{8E085CE4-4E80-4DEB-B631-C95C9A2430EC}.Release|Win32.ActiveCfg = Release|Win32
		{8E085CE4-4E80-4DEB-B631-C95C9A2430EC}.Release|Win32.Build.0 = Release|Win32
		{8E085CE4-4E80-4DEB-B631-C95C9A2430EC}.VSDebug|Win32.ActiveCfg = VSDebug|Win32
		{8E085CE4-4E80-4DEB-B631-C95C9A2430EC}.VSDebug|Win32.Build.0 = VSDebug|Win32
		{F21BA130-F3AA-40C0-8CB4-7EAE718A5B25}.Release|Win32.ActiveCfg = Release|Win32
		{F21BA130-F3AA-40C0-8CB4-7EAE718A5B25}.Release|Win32.Build.0 = Release|Win32
		{F21BA130-F3AA-40C0-8CB4-7EAE718A5B25}.VSDebug|Win32.ActiveCfg = VSDebug|Win32
		{F21BA130-F3AA-40C0-8CB4-7EAE718A5B25}.VSDebug|Win32.Build.0 = VSDebug|Win32
		{81300FC0-7066-4B2B-9C08-DD6AA1D188EF}.Release|Win32.ActiveCfg = Release|Win32
		{81300FC0-7066-4B2B-9C08-DD6AA1D188EF}.Release|Win32.Build.0 = Release|Win32
		{81300FC0-7066-4B2B-9C08-DD6AA1D188EF}.VSDebug|Win32.ActiveCfg = VSDebug|Win32
		{81300FC0-7066-4B2B-9C08-DD6AA1D188EF}.VSDebug|Win32.Build.0 = VSDebug|Win32
		{9F5874F8-D471-4E11-B675-4E8A07AA79E3}.Release|Win32.ActiveCfg = Release|Win32
		{9F5874F8-D471-4E11-B675-4E8A07AA79E3}.Release|Win32.Build.0 = Release|Win32
		{9F5874F8-D471-4E11-B675-4E8A07AA79E3}.VSDebug|Win32.ActiveCfg = VSDebug|Win32
		{9F5874F8-D471-4E11-B675-4E8A07AA79E3}.VSDebug|Win32.Build.0 = VSDebug|Win32
		{0EF11803-BDF7-4AF9-BB7E-0522F9B2808F}.Release|Win32.ActiveCfg = Release|Win32
		{0EF11803-BDF7-4AF9-BB7E-0522F9B2808F}.Release|Win32.Build.0 = Release|Win32
		{0EF11803-BDF7-4AF9-BB7E-0522F9B2808F}.VSDebug|Win32.ActiveCfg = VSDebug|Win32
		{0EF11803-BDF7-4AF9-BB7E-0522F9B2808F}.VSDebug|Win32.Build.0 = VSDebug|Win32
		{8AB0FE83-7D27-45AA-B859-36999C83A42F}.Release|Win32.ActiveCfg = Release|Win32
		{8AB0FE83-7D27-45AA-B859-36999C83A42F}.Release|Win32.Build.0 = Release|Win32
		{8AB0FE83-7D27-45AA-B859-36999C83A42F}.VSDebug|Win32.ActiveCfg = VSDebug|Win32
		{8AB0FE83-7D27-45AA-B859-36999C83A42F}.VSDebug|Win32.Build.0 = VSDebug|Win32
		{31C30A3B-13A2-47D2-A66B-0ACDFBA8C112}.Release|Win32.ActiveCfg = Release|Win32
		{31C30A3B-13A2-47D2-A66B-0ACDFBA8C112}.Release|Win32.Build.0 = Release|Win32
		{31C30A3B-13A2-47D2-A66B-0ACDFBA8C112}.VSDebug|Win32.ActiveCfg = VSDebug|Win32
		{31C30A3B-13A2-47D2-A66B-0ACDFBA8C112}.VSDebug|Win32.Build.0 = VSDebug|Win32
		{56A9C07F-BD12-4D2F-91CA-E7629C870A2C}.Release|Win32.ActiveCfg = Release|Win32
		{56A9C07F-BD12-4D2F-91CA-E7629C870A2C}.Release|Win32.Build.0 = Release|Win32
		{56A9C07F-BD12-4D2F-91CA-E7629C870A2C}.VSDebug|Win32.ActiveCfg = VSDebug|Win32
		{56A9C07F-BD12-4D2F-91CA-E7629C870A2C}.VSDebug|Win32.Build.0 = VSDebug|Win32
		{65B1E945-316B-4915-94FD-9B5855F43EA4}.Release|Win32.ActiveCfg = Release|Win32
		{65B1E945-316B-4915-94FD-9B5855F43EA4}.Release|Win32.Build.0 = Release|Win32
		{65B1E945-316B-4915-94FD-9B5855F43EA4}.VSDebug|Win32.ActiveCfg = VSDebug|Win32
		{65B1E945-316B-4915-94FD-9B5855F43EA4}.VSDebug|Win32.Build.0 = VSDebug|Win32
		{6B70E9C1-A6AD-42DB-B1C5-91436DF08698}.Release|Win32.ActiveCfg = Release|Win32
		{6B70E9C1-A6AD-42DB-B1C5-91436DF08698}.Release|Win32.Build.0 = Release|Win32
		{6B70E9C1-A6AD-42DB-B1C5-91436DF08698}.VSDebug|Win32.ActiveCfg = VSDebug|Win32
		{6B70E9C1-A6AD-42DB-B1C5-91436DF08698}.VSDebug|Win32.Build.0 = VSDebug|Win32
		{D44DC41F-8CE7-42BB-8C5E-C45FF05AC633}.Release|Win32.ActiveCfg = Release|Win32
		{D44DC41F-8CE7-42BB-8C5E-C45FF05AC633}.Release|Win32.Build.0 = Release|Win32
		{D44DC41F-8CE7-42BB-8C5E-C45FF05AC633}.VSDebug|Win32.ActiveCfg = VSDebug|Win32
		{D44DC41F-8CE7-42BB-8C5E-C45FF05AC633}.VSDebug|Win32.Build.0 = VSDebug|Win32
		{A1B6E626-D9B4-471B-BA05-98ACCD54ABA4}.Release|Win32.ActiveCfg = Release|Win32
		{A1B6E626-D9B4-471B-BA05-98ACCD54ABA4}.Release|Win32.Build.0 = Release|Win32
		{A1B6E626-D9B4-471B-BA05-98ACCD54ABA4}.VSDebug|Win32.ActiveCfg = VSDebug|Win32
		{A1B6E626-D9B4-471B-BA05-98ACCD54ABA4}.VSDebug|Win32.Build.0 = VSDebug|Win32
		{38387C15-CC04-4217-9F03-6FA0D41D312E}.Release|Win32.ActiveCfg = Release|Win32
		{38387C15-CC04-4217-9F03-6FA0D41D312E}.Release|Win32.Build.0 = Release|Win32
		{38387C15-CC04-4217-9F03-6FA0D41D312E}.VSDebug|Win32.ActiveCfg = VSDebug|Win32
		{38387C15-CC04-4217-9F03-6FA0D41D312E}.VSDebug|Win32.Build.0 = VSDebug|Win32
		{E3648E11-3629-400C-A581-B543E27E11E6}.Release|Win32.ActiveCfg = Release|Win32
		{E3648E11-3629-400C-A581-B543E27E11E6}.Release|Win32.Build.0 = Release|Win32
		{E3648E11-3629-400C-A581-B543E27E11E6}.VSDebug|Win32.ActiveCfg = VSDebug|Win32
		{E3648E11-3629-400C-A581-B543E27E11E6}.VSDebug|Win32.Build.0 = VSDebug|Win32
		{CE600374-142B-4513-BB26-20BC031D0533}.Release|Win32.ActiveCfg = Release|Win32
		{CE600374-142B-4513-BB26-20BC031D0533}.Release|Win32.Build.0 = Release|Win32
		{CE600374-142B-4513-BB26-20BC031D0533}.VSDebug|Win32.ActiveCfg = VSDebug|Win32
		{CE600374-142B-4513-BB26-20BC031D0533}.VSDebug|Win32.Build.0 = VSDebug|Win32
		{9CCACBA0-F07E-4432-9FFD-183D8B2232E7}.Release|Win32.ActiveCfg = Release|Win32
		{9CCACBA0-F07E-4432-9FFD-183D8B2232E7}.Release|Win32.Build.0 = Release|Win32
		{9CCACBA0-F07E-4432-9FFD-183D8B2232E7}.VSDebug|Win32.ActiveCfg = VSDebug|Win32
		{9CCACBA0-F07E-4432-9FFD-183D8B2232E7}.VSDebug|Win32.Build.0 = VSDebug|Win32
		{A43C39A4-EA68-4EE7-B574-FC2ADF8B407C}.Release|Win32.ActiveCfg = Release|Win32
		{A43C39A4-EA68-4EE7-B574-FC2ADF8B407C}.Release|Win32.Build.0 = Release|Win32
		{A43C39A4-EA68-4EE7-B574-FC2ADF8B407C}.VSDebug|Win32.ActiveCfg = VSDebug|Win32
		{A43C39A4-EA68-4EE7-B574-FC2ADF8B407C}.VSDebug|Win32.Build.0 = VSDebug|Win32
	EndGlobalSection
	GlobalSection(SolutionProperties) = preSolution
		HideSolutionNode = FALSE
	EndGlobalSection
EndGlobal
